PODS:
  - Nimble (8.0.1)
  - Quick (2.0.0)
  - Sparse (0.3.0)

DEPENDENCIES:
  - Nimble
  - Quick
  - Sparse (from `../`)

SPEC REPOS:
  https://github.com/cocoapods/specs.git:
    - Nimble
    - Quick

EXTERNAL SOURCES:
  Sparse:
    :path: "../"

SPEC CHECKSUMS:
  Nimble: 45f786ae66faa9a709624227fae502db55a8bdd0
  Quick: ce1276c7c27ba2da3cb2fd0cde053c3648b3b22d
  Sparse: 29c0d3af8a36ea1190e9fd70392ad7648c56746e

PODFILE CHECKSUM: 81b64c4ac4d37e8a6dab34a5a06ad34f15abfac9

COCOAPODS: 1.6.1
